
Microsoft Visual Studio Solution File, Format Version 12.00
# Visual Studio Version 16
VisualStudioVersion = 16.0.33328.57
MinimumVisualStudioVersion = 10.0.40219.1
Project("{9A19103F-16F7-4668-BE54-9A1E7A4F7556}") = "ZPLPrinter", "ZPLPrinter\ZPLPrinter.csproj", "{BFB8848F-7C8F-4CB7-964A-57587101B74F}"
EndProject
Project("{9A19103F-16F7-4668-BE54-9A1E7A4F7556}") = "ZPLPrinter.Gtk", "ZPLPrinter.Gtk\ZPLPrinter.Gtk.csproj", "{B3AFE383-C047-4FBE-804A-726D3188A14E}"
EndProject
Project("{9A19103F-16F7-4668-BE54-9A1E7A4F7556}") = "ZPLPrinter.Mac", "ZPLPrinter.Mac\ZPLPrinter.Mac.csproj", "{315E0A54-D7CA-46BF-B8B1-8819EA426C34}"
EndProject
Project("{9A19103F-16F7-4668-BE54-9A1E7A4F7556}") = "ZPLPrinter.Winform", "ZPLPrinter.Winform\ZPLPrinter.Winform.csproj", "{15A0567D-B429-4B35-87C5-649A4980A89C}"
EndProject
Project("{9A19103F-16F7-4668-BE54-9A1E7A4F7556}") = "ZPLPrinter.Wpf", "ZPLPrinter.Wpf\ZPLPrinter.Wpf.csproj", "{486B5257-B8EC-4C78-9B3E-D326DFC262D1}"
EndProject
Global
	GlobalSection(SolutionConfigurationPlatforms) = preSolution
		Debug|Any CPU = Debug|Any CPU
		Release|Any CPU = Release|Any CPU
	EndGlobalSection
	GlobalSection(ProjectConfigurationPlatforms) = postSolution
		{BFB8848F-7C8F-4CB7-964A-57587101B74F}.Debug|Any CPU.ActiveCfg = Debug|Any CPU
		{BFB8848F-7C8F-4CB7-964A-57587101B74F}.Debug|Any CPU.Build.0 = Debug|Any CPU
		{BFB8848F-7C8F-4CB7-964A-57587101B74F}.Release|Any CPU.ActiveCfg = Release|Any CPU
		{BFB8848F-7C8F-4CB7-964A-57587101B74F}.Release|Any CPU.Build.0 = Release|Any CPU
		{B3AFE383-C047-4FBE-804A-726D3188A14E}.Debug|Any CPU.ActiveCfg = Debug|Any CPU
		{B3AFE383-C047-4FBE-804A-726D3188A14E}.Debug|Any CPU.Build.0 = Debug|Any CPU
		{B3AFE383-C047-4FBE-804A-726D3188A14E}.Release|Any CPU.ActiveCfg = Release|Any CPU
		{B3AFE383-C047-4FBE-804A-726D3188A14E}.Release|Any CPU.Build.0 = Release|Any CPU
		{315E0A54-D7CA-46BF-B8B1-8819EA426C34}.Debug|Any CPU.ActiveCfg = Debug|Any CPU
		{315E0A54-D7CA-46BF-B8B1-8819EA426C34}.Debug|Any CPU.Build.0 = Debug|Any CPU
		{315E0A54-D7CA-46BF-B8B1-8819EA426C34}.Release|Any CPU.ActiveCfg = Release|Any CPU
		{315E0A54-D7CA-46BF-B8B1-8819EA426C34}.Release|Any CPU.Build.0 = Release|Any CPU
		{15A0567D-B429-4B35-87C5-649A4980A89C}.Debug|Any CPU.ActiveCfg = Debug|Any CPU
		{15A0567D-B429-4B35-87C5-649A4980A89C}.Debug|Any CPU.Build.0 = Debug|Any CPU
		{15A0567D-B429-4B35-87C5-649A4980A89C}.Release|Any CPU.ActiveCfg = Release|Any CPU
		{15A0567D-B429-4B35-87C5-649A4980A89C}.Release|Any CPU.Build.0 = Release|Any CPU
		{486B5257-B8EC-4C78-9B3E-D326DFC262D1}.Debug|Any CPU.ActiveCfg = Debug|Any CPU
		{486B5257-B8EC-4C78-9B3E-D326DFC262D1}.Debug|Any CPU.Build.0 = Debug|Any CPU
		{486B5257-B8EC-4C78-9B3E-D326DFC262D1}.Release|Any CPU.ActiveCfg = Release|Any CPU
		{486B5257-B8EC-4C78-9B3E-D326DFC262D1}.Release|Any CPU.Build.0 = Release|Any CPU
	EndGlobalSection
	GlobalSection(SolutionProperties) = preSolution
		HideSolutionNode = FALSE
	EndGlobalSection
	GlobalSection(ExtensibilityGlobals) = postSolution
		SolutionGuid = {8517D84A-03D6-4BB4-825C-194037BE1F22}
	EndGlobalSection
EndGlobal
